
Microsoft Visual Studio Solution File, Format Version 12.00
# Visual Studio 15
VisualStudioVersion = 15.0.27130.2027
MinimumVisualStudioVersion = 10.0.40219.1
Project("{8BC9CEB8-8B4A-11D0-8D11-00A0C91BC942}") = "newsmake", "newsmake.vcxproj", "{F5C62D6D-85EC-4118-A274-57EA22ECE483}"
EndProject
Global
	GlobalSection(SolutionConfigurationPlatforms) = preSolution
		Release|x86 = Release|x86
	EndGlobalSection
	GlobalSection(ProjectConfigurationPlatforms) = postSolution
		{F5C62D6D-85EC-4118-A274-57EA22ECE483}.Release|x86.ActiveCfg = Release|Win32
		{F5C62D6D-85EC-4118-A274-57EA22ECE483}.Release|x86.Build.0 = Release|Win32
	EndGlobalSection
	GlobalSection(SolutionProperties) = preSolution
		HideSolutionNode = FALSE
	EndGlobalSection
	GlobalSection(ExtensibilityGlobals) = postSolution
		SolutionGuid = {A58A9DB2-2A0F-407A-89D4-3AAFB89A3D87}
	EndGlobalSection
EndGlobal
